
Microsoft Visual Studio Solution File, Format Version 12.00
# Visual Studio Version 16
VisualStudioVersion = 16.0.30503.244
MinimumVisualStudioVersion = 15.0.26124.0
Project("{9A19103F-16F7-4668-BE54-9A1E7A4F7556}") = "fifth.parser", "fifth.parser\fifth.parser.csproj", "{E6D0A2DE-CE41-4868-8D95-F54AC86D57E1}"
EndProject
Project("{9A19103F-16F7-4668-BE54-9A1E7A4F7556}") = "fifth.test", "fifth.test\fifth.test.csproj", "{F2A6C19A-14F8-472B-A39F-C4217E5621C5}"
EndProject
Project("{9A19103F-16F7-4668-BE54-9A1E7A4F7556}") = "fifth.metamodel", "fifth.metamodel\fifth.metamodel.csproj", "{F7E67E97-B7BC-4713-BA28-0F429B94BAD5}"
EndProject
Project("{9A19103F-16F7-4668-BE54-9A1E7A4F7556}") = "fifth.runtime", "fifth.runtime\fifth.runtime.csproj", "{982B259A-D0B8-455F-AF15-A78E9061E057}"
EndProject
Project("{2150E333-8FDC-42A3-9474-1A3956D46DE8}") = "Solution Items", "Solution Items", "{47E4C047-F8B2-4E63-BC44-40A0B5C24D31}"
	ProjectSection(SolutionItems) = preProject
		.editorconfig = .editorconfig
		.github\workflows\dotnet.yml = .github\workflows\dotnet.yml
		doc\examples\ex3.comp.5th = doc\examples\ex3.comp.5th
		fifth.parser\grammar\Fifth.g4 = fifth.parser\grammar\Fifth.g4
		..\..\Users\a30006806\AppData\Local\Temp\FifthTesting\fifth_il_sample.il = ..\..\Users\a30006806\AppData\Local\Temp\FifthTesting\fifth_il_sample.il
		..\..\Users\a30006806\AppData\Local\Temp\FifthTesting\fifth_test.il = ..\..\Users\a30006806\AppData\Local\Temp\FifthTesting\fifth_test.il
		Makefile = Makefile
		readme.md = readme.md
	EndProjectSection
EndProject
Project("{2150E333-8FDC-42A3-9474-1A3956D46DE8}") = "semantics", "semantics", "{8F302E4D-0BE6-4DED-A0AA-FD8DE4078C00}"
	ProjectSection(SolutionItems) = preProject
		doc\Semantics\metafunctions\Metafunction.Assign.md = doc\Semantics\metafunctions\Metafunction.Assign.md
		doc\Semantics\metafunctions\Metafunction.BindVariable.md = doc\Semantics\metafunctions\Metafunction.BindVariable.md
		doc\Semantics\metafunctions\Metafunction.DeclareVariable.md = doc\Semantics\metafunctions\Metafunction.DeclareVariable.md
		doc\Semantics\metafunctions\Metafunction.DereferenceVariable.md = doc\Semantics\metafunctions\Metafunction.DereferenceVariable.md
	EndProjectSection
EndProject
Project("{2150E333-8FDC-42A3-9474-1A3956D46DE8}") = "docs", "docs", "{6DD90A62-4B81-4DDA-9C4E-8203F5F57164}"
EndProject
Project("{2150E333-8FDC-42A3-9474-1A3956D46DE8}") = "semantics", "semantics", "{2A3F51D6-F624-4358-BDE0-9A4224BEFFFD}"
EndProject
Project("{2150E333-8FDC-42A3-9474-1A3956D46DE8}") = "expressions", "expressions", "{23D4A3DA-3554-4351-B2C4-90BC079F0091}"
	ProjectSection(SolutionItems) = preProject
		doc\Semantics\expressions\exp.EFuncCall.md = doc\Semantics\expressions\exp.EFuncCall.md
	EndProjectSection
EndProject
Project("{9A19103F-16F7-4668-BE54-9A1E7A4F7556}") = "fifth", "fifth\fifth.csproj", "{EC0A15B3-903C-4997-87B2-9DE7AD86B6DD}"
EndProject
Project("{9A19103F-16F7-4668-BE54-9A1E7A4F7556}") = "fifth.codegenerator", "fifth.codegenerator\fifth.codegenerator.csproj", "{938CC183-D05B-49A0-89E9-BBE10A620E59}"
EndProject
Project("{FAE04EC0-301F-11D3-BF4B-00C04F79EFBC}") = "Fifth.System", "fifthlang.system\Fifth.System.csproj", "{58051B4E-EFEE-4EE3-A193-A90EE099C2C8}"
EndProject
Global
	GlobalSection(SolutionConfigurationPlatforms) = preSolution
		Debug|Any CPU = Debug|Any CPU
		Release|Any CPU = Release|Any CPU
	EndGlobalSection
	GlobalSection(ProjectConfigurationPlatforms) = postSolution
		{E6D0A2DE-CE41-4868-8D95-F54AC86D57E1}.Debug|Any CPU.ActiveCfg = Debug|Any CPU
		{E6D0A2DE-CE41-4868-8D95-F54AC86D57E1}.Debug|Any CPU.Build.0 = Debug|Any CPU
		{E6D0A2DE-CE41-4868-8D95-F54AC86D57E1}.Release|Any CPU.ActiveCfg = Release|Any CPU
		{E6D0A2DE-CE41-4868-8D95-F54AC86D57E1}.Release|Any CPU.Build.0 = Release|Any CPU
		{F2A6C19A-14F8-472B-A39F-C4217E5621C5}.Debug|Any CPU.ActiveCfg = Debug|Any CPU
		{F2A6C19A-14F8-472B-A39F-C4217E5621C5}.Debug|Any CPU.Build.0 = Debug|Any CPU
		{F2A6C19A-14F8-472B-A39F-C4217E5621C5}.Release|Any CPU.ActiveCfg = Release|Any CPU
		{F2A6C19A-14F8-472B-A39F-C4217E5621C5}.Release|Any CPU.Build.0 = Release|Any CPU
		{F7E67E97-B7BC-4713-BA28-0F429B94BAD5}.Debug|Any CPU.ActiveCfg = Debug|Any CPU
		{F7E67E97-B7BC-4713-BA28-0F429B94BAD5}.Debug|Any CPU.Build.0 = Debug|Any CPU
		{F7E67E97-B7BC-4713-BA28-0F429B94BAD5}.Release|Any CPU.ActiveCfg = Release|Any CPU
		{F7E67E97-B7BC-4713-BA28-0F429B94BAD5}.Release|Any CPU.Build.0 = Release|Any CPU
		{982B259A-D0B8-455F-AF15-A78E9061E057}.Debug|Any CPU.ActiveCfg = Debug|Any CPU
		{982B259A-D0B8-455F-AF15-A78E9061E057}.Debug|Any CPU.Build.0 = Debug|Any CPU
		{982B259A-D0B8-455F-AF15-A78E9061E057}.Release|Any CPU.ActiveCfg = Release|Any CPU
		{982B259A-D0B8-455F-AF15-A78E9061E057}.Release|Any CPU.Build.0 = Release|Any CPU
		{EC0A15B3-903C-4997-87B2-9DE7AD86B6DD}.Debug|Any CPU.ActiveCfg = Debug|Any CPU
		{EC0A15B3-903C-4997-87B2-9DE7AD86B6DD}.Debug|Any CPU.Build.0 = Debug|Any CPU
		{EC0A15B3-903C-4997-87B2-9DE7AD86B6DD}.Release|Any CPU.ActiveCfg = Release|Any CPU
		{EC0A15B3-903C-4997-87B2-9DE7AD86B6DD}.Release|Any CPU.Build.0 = Release|Any CPU
		{938CC183-D05B-49A0-89E9-BBE10A620E59}.Debug|Any CPU.ActiveCfg = Debug|Any CPU
		{938CC183-D05B-49A0-89E9-BBE10A620E59}.Debug|Any CPU.Build.0 = Debug|Any CPU
		{938CC183-D05B-49A0-89E9-BBE10A620E59}.Release|Any CPU.ActiveCfg = Release|Any CPU
		{938CC183-D05B-49A0-89E9-BBE10A620E59}.Release|Any CPU.Build.0 = Release|Any CPU
		{58051B4E-EFEE-4EE3-A193-A90EE099C2C8}.Debug|Any CPU.ActiveCfg = Debug|Any CPU
		{58051B4E-EFEE-4EE3-A193-A90EE099C2C8}.Debug|Any CPU.Build.0 = Debug|Any CPU
		{58051B4E-EFEE-4EE3-A193-A90EE099C2C8}.Release|Any CPU.ActiveCfg = Release|Any CPU
		{58051B4E-EFEE-4EE3-A193-A90EE099C2C8}.Release|Any CPU.Build.0 = Release|Any CPU
	EndGlobalSection
	GlobalSection(SolutionProperties) = preSolution
		HideSolutionNode = FALSE
	EndGlobalSection
	GlobalSection(NestedProjects) = preSolution
		{8F302E4D-0BE6-4DED-A0AA-FD8DE4078C00} = {47E4C047-F8B2-4E63-BC44-40A0B5C24D31}
		{6DD90A62-4B81-4DDA-9C4E-8203F5F57164} = {8F302E4D-0BE6-4DED-A0AA-FD8DE4078C00}
		{2A3F51D6-F624-4358-BDE0-9A4224BEFFFD} = {6DD90A62-4B81-4DDA-9C4E-8203F5F57164}
		{23D4A3DA-3554-4351-B2C4-90BC079F0091} = {2A3F51D6-F624-4358-BDE0-9A4224BEFFFD}
	EndGlobalSection
	GlobalSection(ExtensibilityGlobals) = postSolution
		SolutionGuid = {7903CF41-8433-4C0C-BEAE-C78EF9C05F83}
	EndGlobalSection
EndGlobal
