{
  "version": 1,
  "dependencies": {
    "net10.0": {
      "Microsoft.Extensions.Logging.Console": {
        "type": "Direct",
        "requested": "[10.0.0, )",
        "resolved": "10.0.0",
        "contentHash": "treWetuksp8LVb09fCJ5zNhNJjyDkqzVm83XxcrlWQnAdXznR140UUXo8PyEPBvFlHhjKhFQZEOP3Sk/ByCvEw==",
        "dependencies": {
          "Microsoft.Extensions.DependencyInjection.Abstractions": "10.0.0",
          "Microsoft.Extensions.Logging": "10.0.0",
          "Microsoft.Extensions.Logging.Abstractions": "10.0.0",
          "Microsoft.Extensions.Logging.Configuration": "10.0.0",
          "Microsoft.Extensions.Options": "10.0.0"
        }
      },
      "OmniSharp.Extensions.LanguageProtocol": {
        "type": "Direct",
        "requested": "[0.19.9, )",
        "resolved": "0.19.9",
        "contentHash": "d0crY6w5SyunGlERP27YeUeJnJfUjvJoALFlPMU4CHu3jovG1Y8RxLpihCPX8fKdjzgy7Ii+VjFYtIpDEEQqYQ==",
        "dependencies": {
          "Microsoft.Extensions.Configuration": "6.0.1",
          "Microsoft.Extensions.Configuration.Binder": "6.0.0",
          "Microsoft.Extensions.Options.ConfigurationExtensions": "6.0.0",
          "OmniSharp.Extensions.JsonRpc": "0.19.9",
          "OmniSharp.Extensions.JsonRpc.Generators": "0.19.9"
        }
      },
      "OmniSharp.Extensions.LanguageServer": {
        "type": "Direct",
        "requested": "[0.19.9, )",
        "resolved": "0.19.9",
        "contentHash": "g09wOOCQ/oFqtZ47Q5R9E78tz2a5ODEB+V+S65wAiiRskR7xwL78Tse4/8ToBc8G/ZgQgqLtAOPo/BSPmHNlbw==",
        "dependencies": {
          "Microsoft.Extensions.Configuration": "6.0.1",
          "OmniSharp.Extensions.JsonRpc": "0.19.9",
          "OmniSharp.Extensions.LanguageProtocol": "0.19.9",
          "OmniSharp.Extensions.LanguageServer.Shared": "0.19.9"
        }
      },
      "AngleSharp": {
        "type": "Transitive",
        "resolved": "1.4.0",
        "contentHash": "6ph8mpaQx0KL0COYRt0kI8MB9gSp1PtKijKMhJU//+aVFgKAJLKDesG/+26JSaVCOrHNgPf12wpfoyRcMYOeXg=="
      },
      "Antlr4.Runtime.Standard": {
        "type": "Transitive",
        "resolved": "4.13.1",
        "contentHash": "Da5+i4kFHUseJRZGcBG5fmZGpA/Ns180ibrQMxgZzjpQOnENVvSL5gi5HZ8Ncz8/AR2WsKbOg2lMBzjz0HUQcA=="
      },
      "dotNetRdf": {
        "type": "Transitive",
        "resolved": "3.5.1",
        "contentHash": "DZA9h0hsyrgqOF44aEPhtI2eXj4a7uC6b0iFY3Y0EldvZ+cU3UKH8OpjK2NbuTvvCJZdwr3cXeVWVOAOlNIGCQ==",
        "dependencies": {
          "dotNetRdf.Client": "3.5.1",
          "dotNetRdf.Core": "3.5.1",
          "dotNetRdf.Data.DataTables": "3.5.1",
          "dotNetRdf.Dynamic": "3.5.1",
          "dotNetRdf.Inferencing": "3.5.1",
          "dotNetRdf.Ldf": "3.5.1",
          "dotNetRdf.Ontology": "3.5.1",
          "dotNetRdf.Query.FullText": "3.5.1",
          "dotNetRdf.Query.Spin": "3.5.1",
          "dotNetRdf.Shacl": "3.5.1",
          "dotNetRdf.Skos": "3.5.1",
          "dotNetRdf.Writing.HtmlSchema": "3.5.1"
        }
      },
      "dotNetRdf.Client": {
        "type": "Transitive",
        "resolved": "3.5.1",
        "contentHash": "Sqb3+uVz7yPU9Vt0mpya/sPst4iV6C+yYb9qiLRSF69YkYbxQpQ+pYG26Ks7Bii9aXPaDC9Fp8vKB1FMavoFJA==",
        "dependencies": {
          "dotNetRdf.Core": "3.5.1"
        }
      },
      "dotNetRdf.Core": {
        "type": "Transitive",
        "resolved": "3.5.1",
        "contentHash": "geBVQv2MaIoqhQ6rsLLKFp8Fop8gDjzzzRor60lC+mCiS5kcneqijuhitH0B7nUP/Ns/Jl1LtDsJDZLqGOSi2g==",
        "dependencies": {
          "AngleSharp": "1.4.0",
          "HtmlAgilityPack": "1.12.4",
          "Microsoft.Extensions.Configuration": "10.0.2",
          "Newtonsoft.Json": "13.0.4",
          "System.Configuration.ConfigurationManager": "10.0.2",
          "System.Reflection.TypeExtensions": "4.7.0",
          "VDS.Common": "3.0.0"
        }
      },
      "dotNetRdf.Data.DataTables": {
        "type": "Transitive",
        "resolved": "3.5.1",
        "contentHash": "ysV3VrOaLuJ8QzuqsMAsFmLMlDe9FutNnsFfoh4A3fTfXymUs0OvKP1M3bsHK26twCGFhEUazhjNl9MTlA29Kg==",
        "dependencies": {
          "dotNetRdf.Core": "3.5.1"
        }
      },
      "dotNetRdf.Dynamic": {
        "type": "Transitive",
        "resolved": "3.5.1",
        "contentHash": "kXAlM3L8FBhX0DoRPJ+1cvFmwUooanK9TYOKA90pfwqmgRPmFmAANSKgtjJWc3JqBQQktQEWnofXYdNkd3xEtA==",
        "dependencies": {
          "dotNetRdf.Core": "3.5.1"
        }
      },
      "dotNetRdf.Inferencing": {
        "type": "Transitive",
        "resolved": "3.5.1",
        "contentHash": "T1tNHLNhiXcMOX2r+eeBBjb6DakdVt4IMWFbcliV9w3D04Egqi/4yYlHf3ECmOij7o8qsDzjh9v7twdA0h5NpQ==",
        "dependencies": {
          "dotNetRdf.Ontology": "3.5.1"
        }
      },
      "dotNetRdf.Ldf": {
        "type": "Transitive",
        "resolved": "3.5.1",
        "contentHash": "USmBstE77ztBALox0ksXgm0lfFay7YQB+XdKP0m4kTKLGihqt8DRpzQm98PvbrzVbeX0Hb9Yn+jzRgGQhOPt7A==",
        "dependencies": {
          "Resta.UriTemplates": "1.4.0",
          "dotNetRdf.Core": "3.5.1"
        }
      },
      "dotNetRdf.Ontology": {
        "type": "Transitive",
        "resolved": "3.5.1",
        "contentHash": "MH9s12lrr40yMin0b9vUgzgKHRqBVucFp/MrLG745N3pdH2fIJg5kFY9zF/YnWVb2tgY0YPXjgScTrHPCpBvDA==",
        "dependencies": {
          "dotNetRdf.Core": "3.5.1"
        }
      },
      "dotNetRdf.Query.FullText": {
        "type": "Transitive",
        "resolved": "3.5.1",
        "contentHash": "calgDH+JDmTdy5KKeokdZQOBlkJl9nLGFWV5VgJwHCVg5Dfr4OUDi9LjKRDcwx66U3rcQQFNhFP/xVIkO7+UXA==",
        "dependencies": {
          "Lucene.Net": "4.8.0-beta00017",
          "Lucene.Net.QueryParser": "4.8.0-beta00017",
          "SharpZipLib": "1.4.2",
          "dotNetRdf.Core": "3.5.1"
        }
      },
      "dotNetRdf.Query.Spin": {
        "type": "Transitive",
        "resolved": "3.5.1",
        "contentHash": "vZXiH8SVtuPYaaN/nWeta85f9Us5ww3NAt525t8N9xJbgMU4NRRLGAozA6TENWJx4djoCMu7yupTZoRazyvgUQ==",
        "dependencies": {
          "dotNetRdf.Core": "3.5.1",
          "dotNetRdf.Inferencing": "3.5.1"
        }
      },
      "dotNetRdf.Shacl": {
        "type": "Transitive",
        "resolved": "3.5.1",
        "contentHash": "fYC0cwcqy4H/FWkcnwI4M1rBt3LCN6bm+JoxIGA9u/+phW805ik+ZiTfRkzleEjUuAHUmszaOMZFSyXCXg/gXA==",
        "dependencies": {
          "dotNetRdf.Core": "3.5.1"
        }
      },
      "dotNetRdf.Skos": {
        "type": "Transitive",
        "resolved": "3.5.1",
        "contentHash": "ePZBoDKTRhJpSWSLRJC2MuMqdEYZ9GhjmzhQ8CxaRHaJPr6mymEzQZCXVO/Z55+9t8vt7pMOQoWf5AkxLV3C+w==",
        "dependencies": {
          "dotNetRdf.Core": "3.5.1"
        }
      },
      "dotNetRdf.Writing.HtmlSchema": {
        "type": "Transitive",
        "resolved": "3.5.1",
        "contentHash": "u2HrgE+Gq96uwZ0wd+6yYxY2OZUwsX6u9VRjobSAfM59AbjqlyxQ3qjE4eMYsF5o9YX5hK6qAWEoGTF1IaPYaw==",
        "dependencies": {
          "dotNetRdf.Core": "3.5.1"
        }
      },
      "Dunet": {
        "type": "Transitive",
        "resolved": "1.16.1",
        "contentHash": "ioVu/TMuXsbhskVkemzx/9UvKDAc+doPccKAkQckHe3ncjgBbPErsTE/MLdSRaTcZEK93+J9NsqUKeCWegbZyQ=="
      },
      "FluentAssertions": {
        "type": "Transitive",
        "resolved": "6.12.2",
        "contentHash": "8YE+xJmT8wgzEpFuzJ4S62oFhEL/AKouMz1RWPEMEUhy9H11aRQlGIWcHurH5BEy7tbF6gb0CJrs0wOw/AtDcQ==",
        "dependencies": {
          "System.Configuration.ConfigurationManager": "4.4.0"
        }
      },
      "HtmlAgilityPack": {
        "type": "Transitive",
        "resolved": "1.12.4",
        "contentHash": "ljqvBabvFwKoLniuoQKO8b5bJfJweKLs4fUNS/V5dsvpo0A8MlJqxxn9XVmP2DaskbUXty6IYaWAi1SArGIMeQ=="
      },
      "J2N": {
        "type": "Transitive",
        "resolved": "2.1.0",
        "contentHash": "Vooz1wbnnqWuS+u93tADXK5Owxo8vLJhSrZ9Ac+KpgDF3GJq9TybXXTF1TFcWILgEtRThc8AOBENEzB0TQH1JA=="
      },
      "log4net": {
        "type": "Transitive",
        "resolved": "2.0.12",
        "contentHash": "9P67BCftJ7KG+B7rNOM1A9KczUwyEDed6zbAddy5Cj/73xVkzi+rEAHeOgUnW5wDqy1JFlY8+oTP0m1PgJ03Tg==",
        "dependencies": {
          "System.Configuration.ConfigurationManager": "4.5.0"
        }
      },
      "Lucene.Net": {
        "type": "Transitive",
        "resolved": "4.8.0-beta00017",
        "contentHash": "7LLWS9nNwx01AyE/KXMh+qdAlzDkRANE8407AO/wEmLL1InzVKFwfsRdRmwg4ILOMFui4xZ1Y54eqvzo3Tf9Vw==",
        "dependencies": {
          "J2N": "[2.1.0, 3.0.0)",
          "Microsoft.Extensions.Configuration.Abstractions": "8.0.0"
        }
      },
      "Lucene.Net.Analysis.Common": {
        "type": "Transitive",
        "resolved": "4.8.0-beta00017",
        "contentHash": "rPpmww/HgwEwhvfvZgdWITxFsWRoCEpP3+WQBFgbGxTn4eLDr3U/oFoe8KS+8jUNAl2+5atErDrW5JOcFG+gcQ==",
        "dependencies": {
          "Lucene.Net": "4.8.0-beta00017"
        }
      },
      "Lucene.Net.Queries": {
        "type": "Transitive",
        "resolved": "4.8.0-beta00017",
        "contentHash": "RVpZCfa/7pgvytFw64zLqinvZPQt4TojvcFghdAA5vhnpSs5GTbtciPIxFH3wwH3f2dYJywiqYKo1h3JBCXRBA==",
        "dependencies": {
          "Lucene.Net": "4.8.0-beta00017"
        }
      },
      "Lucene.Net.QueryParser": {
        "type": "Transitive",
        "resolved": "4.8.0-beta00017",
        "contentHash": "ZrF7EL06qB+2S2K4T3PliIa5EiJ5Ii7c/zFRMhsNozymz+HRHMVoI/nMYSdN6WF7X1Ef1DTeajMwvsbGTfl28Q==",
        "dependencies": {
          "Lucene.Net.Analysis.Common": "4.8.0-beta00017",
          "Lucene.Net.Queries": "4.8.0-beta00017",
          "Lucene.Net.Sandbox": "4.8.0-beta00017"
        }
      },
      "Lucene.Net.Sandbox": {
        "type": "Transitive",
        "resolved": "4.8.0-beta00017",
        "contentHash": "wRAzQZ4Z1yEuAaTwO+RrZB6l3Lz+vNGAiDshf0IjAr8qeVvQj74iodEcff4Bes88bnhqsWLUZlDUg/ygraxX2Q==",
        "dependencies": {
          "Lucene.Net": "4.8.0-beta00017"
        }
      },
      "MediatR": {
        "type": "Transitive",
        "resolved": "8.1.0",
        "contentHash": "KJFnA0MV83bNOhvYbjIX1iDykhwFXoQu0KV7E1SVbNA/CmO2I7SAm2Baly0eS7VJ2GwlmStLajBfeiNgTpvYzQ=="
      },
      "Microsoft.Bcl.AsyncInterfaces": {
        "type": "Transitive",
        "resolved": "7.0.0",
        "contentHash": "3aeMZ1N0lJoSyzqiP03hqemtb1BijhsJADdobn/4nsMJ8V1H+CrpuduUe4hlRdx+ikBQju1VGjMD1GJ3Sk05Eg=="
      },
      "Microsoft.CodeAnalysis.Analyzers": {
        "type": "Transitive",
        "resolved": "3.11.0",
        "contentHash": "v/EW3UE8/lbEYHoC2Qq7AR/DnmvpgdtAMndfQNmpuIMx/Mto8L5JnuCfdBYtgvalQOtfNCnxFejxuRrryvUTsg=="
      },
      "Microsoft.CodeAnalysis.Common": {
        "type": "Transitive",
        "resolved": "4.14.0",
        "contentHash": "PC3tuwZYnC+idaPuoC/AZpEdwrtX7qFpmnrfQkgobGIWiYmGi5MCRtl5mx6QrfMGQpK78X2lfIEoZDLg/qnuHg==",
        "dependencies": {
          "Microsoft.CodeAnalysis.Analyzers": "3.11.0"
        }
      },
      "Microsoft.CodeAnalysis.CSharp": {
        "type": "Transitive",
        "resolved": "4.14.0",
        "contentHash": "568a6wcTivauIhbeWcCwfWwIn7UV7MeHEBvFB2uzGIpM2OhJ4eM/FZ8KS0yhPoNxnSpjGzz7x7CIjTxhslojQA==",
        "dependencies": {
          "Microsoft.CodeAnalysis.Analyzers": "3.11.0",
          "Microsoft.CodeAnalysis.Common": "[4.14.0]"
        }
      },
      "Microsoft.Extensions.Configuration": {
        "type": "Transitive",
        "resolved": "10.0.2",
        "contentHash": "Lws+o4DFw6p5NquRoYA3d5QVvi49ugNw7TxbW4QGLsL8F1LCCyJqWFy0+RMQ/hzUuS9aKV5NJ/XGAF5N9/RQcQ==",
        "dependencies": {
          "Microsoft.Extensions.Configuration.Abstractions": "10.0.2",
          "Microsoft.Extensions.Primitives": "10.0.2"
        }
      },
      "Microsoft.Extensions.Configuration.Abstractions": {
        "type": "Transitive",
        "resolved": "10.0.2",
        "contentHash": "KC5PslaTDnTuTvyke0KYAVBYdZ7IVTsU3JhHe69BpEbHLcj1YThP3bIGtZNOkZfast2AuLnul5lk4rZKxAdUGQ==",
        "dependencies": {
          "Microsoft.Extensions.Primitives": "10.0.2"
        }
      },
      "Microsoft.Extensions.Configuration.Binder": {
        "type": "Transitive",
        "resolved": "10.0.0",
        "contentHash": "tMF9wNh+hlyYDWB8mrFCQHQmWHlRosol1b/N2Jrefy1bFLnuTlgSYmPyHNmz8xVQgs7DpXytBRWxGhG+mSTp0g==",
        "dependencies": {
          "Microsoft.Extensions.Configuration": "10.0.0",
          "Microsoft.Extensions.Configuration.Abstractions": "10.0.0"
        }
      },
      "Microsoft.Extensions.DependencyInjection": {
        "type": "Transitive",
        "resolved": "10.0.0",
        "contentHash": "f0RBabswJq+gRu5a+hWIobrLWiUYPKMhCD9WO3sYBAdSy3FFH14LMvLVFZc2kPSCimBLxSuitUhsd6tb0TAY6A==",
        "dependencies": {
          "Microsoft.Extensions.DependencyInjection.Abstractions": "10.0.0"
        }
      },
      "Microsoft.Extensions.DependencyInjection.Abstractions": {
        "type": "Transitive",
        "resolved": "10.0.0",
        "contentHash": "L3AdmZ1WOK4XXT5YFPEwyt0ep6l8lGIPs7F5OOBZc77Zqeo01Of7XXICy47628sdVl0v/owxYJTe86DTgFwKCA=="
      },
      "Microsoft.Extensions.Logging": {
        "type": "Transitive",
        "resolved": "10.0.0",
        "contentHash": "BStFkd5CcnEtarlcgYDBcFzGYCuuNMzPs02wN3WBsOFoYIEmYoUdAiU+au6opzoqfTYJsMTW00AeqDdnXH2CvA==",
        "dependencies": {
          "Microsoft.Extensions.DependencyInjection": "10.0.0",
          "Microsoft.Extensions.Logging.Abstractions": "10.0.0",
          "Microsoft.Extensions.Options": "10.0.0"
        }
      },
      "Microsoft.Extensions.Logging.Abstractions": {
        "type": "Transitive",
        "resolved": "10.0.0",
        "contentHash": "FU/IfjDfwaMuKr414SSQNTIti/69bHEMb+QKrskRb26oVqpx3lNFXMjs/RC9ZUuhBhcwDM2BwOgoMw+PZ+beqQ==",
        "dependencies": {
          "Microsoft.Extensions.DependencyInjection.Abstractions": "10.0.0"
        }
      },
      "Microsoft.Extensions.Logging.Configuration": {
        "type": "Transitive",
        "resolved": "10.0.0",
        "contentHash": "j8zcwhS6bYB6FEfaY3nYSgHdpiL2T+/V3xjpHtslVAegyI1JUbB9yAt/BFdvZdsNbY0Udm4xFtvfT/hUwcOOOg==",
        "dependencies": {
          "Microsoft.Extensions.Configuration": "10.0.0",
          "Microsoft.Extensions.Configuration.Abstractions": "10.0.0",
          "Microsoft.Extensions.Configuration.Binder": "10.0.0",
          "Microsoft.Extensions.DependencyInjection.Abstractions": "10.0.0",
          "Microsoft.Extensions.Logging": "10.0.0",
          "Microsoft.Extensions.Logging.Abstractions": "10.0.0",
          "Microsoft.Extensions.Options": "10.0.0",
          "Microsoft.Extensions.Options.ConfigurationExtensions": "10.0.0"
        }
      },
      "Microsoft.Extensions.Options": {
        "type": "Transitive",
        "resolved": "10.0.0",
        "contentHash": "8oCAgXOow5XDrY9HaXX1QmH3ORsyZO/ANVHBlhLyCeWTH5Sg4UuqZeOTWJi6484M+LqSx0RqQXDJtdYy2BNiLQ==",
        "dependencies": {
          "Microsoft.Extensions.DependencyInjection.Abstractions": "10.0.0",
          "Microsoft.Extensions.Primitives": "10.0.0"
        }
      },
      "Microsoft.Extensions.Options.ConfigurationExtensions": {
        "type": "Transitive",
        "resolved": "10.0.0",
        "contentHash": "tL9cSl3maS5FPzp/3MtlZI21ExWhni0nnUCF8HY4npTsINw45n9SNDbkKXBMtFyUFGSsQep25fHIDN4f/Vp3AQ==",
        "dependencies": {
          "Microsoft.Extensions.Configuration.Abstractions": "10.0.0",
          "Microsoft.Extensions.Configuration.Binder": "10.0.0",
          "Microsoft.Extensions.DependencyInjection.Abstractions": "10.0.0",
          "Microsoft.Extensions.Options": "10.0.0",
          "Microsoft.Extensions.Primitives": "10.0.0"
        }
      },
      "Microsoft.Extensions.Primitives": {
        "type": "Transitive",
        "resolved": "10.0.2",
        "contentHash": "QmSiO+oLBEooGgB3i0GRXyeYRDHjllqt3k365jwfZlYWhvSHA3UL2NEVV5m8aZa041eIlblo6KMI5txvTMpTwA=="
      },
      "Microsoft.VisualStudio.Threading": {
        "type": "Transitive",
        "resolved": "17.6.40",
        "contentHash": "hLa/0xargG7p3bF7aeq2/lRYn/bVnfZXurUWVHx+MNqxxAUjIDMKi4OIOWbYQ/DTkbn9gv8TLvgso+6EtHVQQg==",
        "dependencies": {
          "Microsoft.Bcl.AsyncInterfaces": "7.0.0",
          "Microsoft.VisualStudio.Threading.Analyzers": "17.6.40",
          "Microsoft.VisualStudio.Validation": "17.0.71"
        }
      },
      "Microsoft.VisualStudio.Threading.Analyzers": {
        "type": "Transitive",
        "resolved": "17.6.40",
        "contentHash": "uU8vYr/Nx3ldEWcsbiHiyAX1G7od3eFK1+Aga6ZvgCvU+nQkcXYVkIMcSEkIDWkFaldx1dkoVvX3KRNQD0R7dw=="
      },
      "Microsoft.VisualStudio.Validation": {
        "type": "Transitive",
        "resolved": "17.6.11",
        "contentHash": "J+9L/iac6c8cwcgVSCMuoIYOlD1Jw4mbZ8XMe1IZVj8p8+3dJ46LnnkIkTRMjK7xs9UtU9MoUp1JGhWoN6fAEw=="
      },
      "Nerdbank.Streams": {
        "type": "Transitive",
        "resolved": "2.10.69",
        "contentHash": "YIudzeVyQRJAqytjpo1jdHkh2t+vqQqyusBqb2sFSOAOGEnyOXhcHx/rQqSuCIXUDr50a3XuZnamGRfQVBOf4g==",
        "dependencies": {
          "Microsoft.Bcl.AsyncInterfaces": "7.0.0",
          "Microsoft.VisualStudio.Threading": "17.6.40",
          "Microsoft.VisualStudio.Validation": "17.6.11"
        }
      },
      "Newtonsoft.Json": {
        "type": "Transitive",
        "resolved": "13.0.4",
        "contentHash": "pdgNNMai3zv51W5aq268sujXUyx7SNdE2bj1wZcWjAQrKMFZV260lbqYop1d2GM67JI1huLRwxo9ZqnfF/lC6A=="
      },
      "OmniSharp.Extensions.JsonRpc": {
        "type": "Transitive",
        "resolved": "0.19.9",
        "contentHash": "utFvrx9OYXhCS5rnfWAVeedJCrucuDLAOrKXjohf/NOjG9FFVbcp+hLqj9Ng+AxoADRD+rSJYHfBOeqGl5zW0A==",
        "dependencies": {
          "MediatR": "8.1.0",
          "Microsoft.Extensions.DependencyInjection": "6.0.1",
          "Microsoft.Extensions.Logging": "6.0.0",
          "Nerdbank.Streams": "2.10.69",
          "Newtonsoft.Json": "13.0.3",
          "OmniSharp.Extensions.JsonRpc.Generators": "0.19.9",
          "System.Reactive": "6.0.0"
        }
      },
      "OmniSharp.Extensions.JsonRpc.Generators": {
        "type": "Transitive",
        "resolved": "0.19.9",
        "contentHash": "hiWC0yGcKM+K00fgiL7KBmlvULmkKNhm40ZSzxqT+jNV21r+YZgKzEREhQe40ufb4tjcIxdYkif++IzGl/3H/Q=="
      },
      "OmniSharp.Extensions.LanguageServer.Shared": {
        "type": "Transitive",
        "resolved": "0.19.9",
        "contentHash": "+p+py79MrNG3QnqRrBp5J7Wc810HFFczMH8/WLIiUqih1bqmKPFY9l/uzBvq1Ko8+YO/8tzI7BDffHvaguISEw==",
        "dependencies": {
          "OmniSharp.Extensions.LanguageProtocol": "0.19.9"
        }
      },
      "QuadStore.Core": {
        "type": "Transitive",
        "resolved": "2.0.0",
        "contentHash": "ET2vmp8UWSW0xi/6+9i6A+N6gET/qatlVcKmYw7kH6P6O7H805LlwzJKkBZvW1lOAKUQHasuYDeUWINGs5Ua1w==",
        "dependencies": {
          "Antlr4.Runtime.Standard": "4.13.1",
          "Roaring.Net": "1.0.0",
          "Vogen": "8.0.3",
          "dotNetRDF": "3.4.1"
        }
      },
      "QuadStore.SparqlServer": {
        "type": "Transitive",
        "resolved": "2.0.0",
        "contentHash": "ucoouIUeG2Zd4q5CyYMuNLF+YzcwU2UH55ouW8Vjq+/V0Klz9EAfNmbW1zu86UWaZlMbu/SWXHnxEYCJqpjRUw==",
        "dependencies": {
          "QuadStore.Core": "2.0.0"
        }
      },
      "Resta.UriTemplates": {
        "type": "Transitive",
        "resolved": "1.4.0",
        "contentHash": "51tStewZPTrXHdc7iVxM9DBk/B7fs3fntQKF1ytLZ2Vx5EMGqD1tKYlFHIfcyT4jLjTXhApZGQEraANYJSx5WA=="
      },
      "Roaring.Net": {
        "type": "Transitive",
        "resolved": "1.0.0",
        "contentHash": "E+aiaEkPJwFmAcORjtZLZSjcFWTlDFtVgI3n+hM2hDkdlsmXqooLy/AQoEYCsi+dg4LQPzGlOBMC8FKakmQogQ=="
      },
      "SharpZipLib": {
        "type": "Transitive",
        "resolved": "1.4.2",
        "contentHash": "yjj+3zgz8zgXpiiC3ZdF/iyTBbz2fFvMxZFEBPUcwZjIvXOf37Ylm+K58hqMfIBt5JgU/Z2uoUS67JmTLe973A=="
      },
      "System.CommandLine": {
        "type": "Transitive",
        "resolved": "2.0.0-beta4.22272.1",
        "contentHash": "1uqED/q2H0kKoLJ4+hI2iPSBSEdTuhfCYADeJrAqERmiGQ2NNacYKRNEQ+gFbU4glgVyK8rxI+ZOe1onEtr/Pg=="
      },
      "System.Configuration.ConfigurationManager": {
        "type": "Transitive",
        "resolved": "10.0.2",
        "contentHash": "UpBPpVzF+xbB3GsBrraPvlYCwUiOhs+RLxnTMKLqDs2gNNaAtxQRlKjXfMV3zxE+hiQkGId5olZ+9tE6xXHdwQ==",
        "dependencies": {
          "System.Diagnostics.EventLog": "10.0.2",
          "System.Security.Cryptography.ProtectedData": "10.0.2"
        }
      },
      "System.Diagnostics.EventLog": {
        "type": "Transitive",
        "resolved": "10.0.2",
        "contentHash": "TJPpTLF5MFPobq09c9BQ5X8QuviQfsKvH0Jbm7MkGylGvfIdRqJQLZDPC5sMRFkk9aZhmgir1NJKekip2NxfaA=="
      },
      "System.Reactive": {
        "type": "Transitive",
        "resolved": "6.0.0",
        "contentHash": "31kfaW4ZupZzPsI5PVe77VhnvFF55qgma7KZr/E0iFTs6fmdhhG8j0mgEx620iLTey1EynOkEfnyTjtNEpJzGw=="
      },
      "System.Reflection.MetadataLoadContext": {
        "type": "Transitive",
        "resolved": "10.0.0",
        "contentHash": "aRvr8txoBlDMOvo2e9GqY6cMbYYKeXgq2LabyoGacLUGYQpwI1T13YmvOx135TJl4cY6TGetfnHolNhZEl1Log=="
      },
      "System.Reflection.TypeExtensions": {
        "type": "Transitive",
        "resolved": "4.7.0",
        "contentHash": "VybpaOQQhqE6siHppMktjfGBw1GCwvCqiufqmP8F1nj7fTUNtW35LOEt3UZTEsECfo+ELAl/9o9nJx3U91i7vA=="
      },
      "System.Security.Cryptography.ProtectedData": {
        "type": "Transitive",
        "resolved": "10.0.2",
        "contentHash": "me7W69hkjdu5EzHXCQSXv9OS3uAkMXT26oZuWTaabeoO5BPxSVuRVJ2FSfIW8xyGxBb6mKCE6ZKg7TLk3IzJBQ=="
      },
      "VDS.Common": {
        "type": "Transitive",
        "resolved": "3.0.0",
        "contentHash": "fFYBEVmVlyoeq2dhjM8OR3OCr+ZNCL8E7nEePCZyH2BVo3ky5lHZZiF0PcWwOJmRTyIA/6c0716DfHKNB5oKKg=="
      },
      "Vogen": {
        "type": "Transitive",
        "resolved": "8.0.5",
        "contentHash": "hUGafk0LpUn3ooZNOOczByhVSGqBaI96bCn0DkreSd2bwHGrMfdRoCqNrB4w0/y5bufyYaABqQ8wWBPgx5QdNw=="
      },
      "ast_generated": {
        "type": "Project",
        "dependencies": {
          "ast_model": "[1.0.0, )"
        }
      },
      "ast_model": {
        "type": "Project",
        "dependencies": {
          "Vogen": "[8.0.5, )",
          "dunet": "[1.16.1, )"
        }
      },
      "Fifth.Compiler.Tool": {
        "type": "Project",
        "dependencies": {
          "Fifth.System": "[1.0.0, )",
          "Microsoft.CodeAnalysis.CSharp": "[4.14.0, )",
          "System.CommandLine": "[2.0.0-beta4.22272.1, )",
          "System.Reflection.MetadataLoadContext": "[10.0.0, )",
          "ast_generated": "[1.0.0, )",
          "ast_model": "[1.0.0, )",
          "parser": "[1.0.0, )"
        }
      },
      "fifth.system": {
        "type": "Project",
        "dependencies": {
          "Dunet": "[1.16.1, )",
          "QuadStore.Core": "[*, )",
          "QuadStore.SparqlServer": "[*, )",
          "dotNetRdf": "[3.5.1, )"
        }
      },
      "parser": {
        "type": "Project",
        "dependencies": {
          "Antlr4.Runtime.Standard": "[4.13.1, )",
          "FluentAssertions": "[6.12.2, )",
          "ast_generated": "[1.0.0, )",
          "ast_model": "[1.0.0, )",
          "log4net": "[2.0.12, )"
        }
      }
    }
  }
}