{
  "version": 1,
  "dependencies": {
    "net10.0": {
      "System.Reflection.Metadata": {
        "type": "Direct",
        "requested": "[10.0.0, )",
        "resolved": "10.0.0",
        "contentHash": "sMORylY+HmERA41BDGyi5fq1FjUFwwOTgCjcWhkkdb7c9jVLgFQP6xBWdbF2vRpjs0Igy5kvMAkvN9ml3QPS1g=="
      }
    }
  }
}