{
  "version": 1,
  "dependencies": {
    "net10.0": {
      "Dunet": {
        "type": "Direct",
        "requested": "[1.16.1, )",
        "resolved": "1.16.1",
        "contentHash": "ioVu/TMuXsbhskVkemzx/9UvKDAc+doPccKAkQckHe3ncjgBbPErsTE/MLdSRaTcZEK93+J9NsqUKeCWegbZyQ=="
      },
      "Vogen": {
        "type": "Direct",
        "requested": "[8.0.5, )",
        "resolved": "8.0.5",
        "contentHash": "hUGafk0LpUn3ooZNOOczByhVSGqBaI96bCn0DkreSd2bwHGrMfdRoCqNrB4w0/y5bufyYaABqQ8wWBPgx5QdNw=="
      }
    }
  }
}